// !$*UTF8*$!
{
	archiveVersion = 1;
	classes = {
	};
	objectVersion = 48;
	objects = {

/* Begin PBXBuildFile section */
		49E0143D567741CCAAD8D05F /* Pods_SafetyStandards.framework in Frameworks */ = {isa = PBXBuildFile; fileRef = 3642F1F4F393E6F11733A7C2 /* Pods_SafetyStandards.framework */; };
		FB05B9E81FE9CC7E00918E86 /* AppDelegate.swift in Sources */ = {isa = PBXBuildFile; fileRef = FB05B9E71FE9CC7E00918E86 /* AppDelegate.swift */; };
		FB05B9EA1FE9CC7E00918E86 /* TodoListViewController.swift in Sources */ = {isa = PBXBuildFile; fileRef = FB05B9E91FE9CC7E00918E86 /* TodoListViewController.swift */; };
		FB05B9ED1FE9CC7E00918E86 /* Main.storyboard in Resources */ = {isa = PBXBuildFile; fileRef = FB05B9EB1FE9CC7E00918E86 /* Main.storyboard */; };
		FB05B9EF1FE9CC7E00918E86 /* Assets.xcassets in Resources */ = {isa = PBXBuildFile; fileRef = FB05B9EE1FE9CC7E00918E86 /* Assets.xcassets */; };
		FB05B9F21FE9CC7E00918E86 /* LaunchScreen.storyboard in Resources */ = {isa = PBXBuildFile; fileRef = FB05B9F01FE9CC7E00918E86 /* LaunchScreen.storyboard */; };
		FB3A5B7A1FF1931A00F42F6A /* CategoryViewController.swift in Sources */ = {isa = PBXBuildFile; fileRef = FB3A5B791FF1931A00F42F6A /* CategoryViewController.swift */; };
		FB5C3B431FF3188F0068E48B /* Item.swift in Sources */ = {isa = PBXBuildFile; fileRef = FB5C3B421FF3188F0068E48B /* Item.swift */; };
		FB5C3B451FF3189A0068E48B /* Category.swift in Sources */ = {isa = PBXBuildFile; fileRef = FB5C3B441FF3189A0068E48B /* Category.swift */; };
/* End PBXBuildFile section */

/* Begin PBXFileReference section */
		06E0DDE7862C9A7D1BFDE718 /* Pods-SafetyStandards.release.xcconfig */ = {isa = PBXFileReference; includeInIndex = 1; lastKnownFileType = text.xcconfig; name = "Pods-SafetyStandards.release.xcconfig"; path = "Pods/Target Support Files/Pods-SafetyStandards/Pods-SafetyStandards.release.xcconfig"; sourceTree = "<group>"; };
		3642F1F4F393E6F11733A7C2 /* Pods_SafetyStandards.framework */ = {isa = PBXFileReference; explicitFileType = wrapper.framework; includeInIndex = 0; path = Pods_SafetyStandards.framework; sourceTree = BUILT_PRODUCTS_DIR; };
		6C8695728868CE8A7C9CA331 /* Pods-SafetyStandards.debug.xcconfig */ = {isa = PBXFileReference; includeInIndex = 1; lastKnownFileType = text.xcconfig; name = "Pods-SafetyStandards.debug.xcconfig"; path = "Pods/Target Support Files/Pods-SafetyStandards/Pods-SafetyStandards.debug.xcconfig"; sourceTree = "<group>"; };
		FB05B9E41FE9CC7E00918E86 /* SafetyStandards.app */ = {isa = PBXFileReference; explicitFileType = wrapper.application; includeInIndex = 0; path = SafetyStandards.app; sourceTree = BUILT_PRODUCTS_DIR; };
		FB05B9E71FE9CC7E00918E86 /* AppDelegate.swift */ = {isa = PBXFileReference; lastKnownFileType = sourcecode.swift; path = AppDelegate.swift; sourceTree = "<group>"; };
		FB05B9E91FE9CC7E00918E86 /* TodoListViewController.swift */ = {isa = PBXFileReference; lastKnownFileType = sourcecode.swift; path = TodoListViewController.swift; sourceTree = "<group>"; };
		FB05B9EC1FE9CC7E00918E86 /* Base */ = {isa = PBXFileReference; lastKnownFileType = file.storyboard; name = Base; path = Base.lproj/Main.storyboard; sourceTree = "<group>"; };
		FB05B9EE1FE9CC7E00918E86 /* Assets.xcassets */ = {isa = PBXFileReference; lastKnownFileType = folder.assetcatalog; path = Assets.xcassets; sourceTree = "<group>"; };
		FB05B9F11FE9CC7E00918E86 /* Base */ = {isa = PBXFileReference; lastKnownFileType = file.storyboard; name = Base; path = Base.lproj/LaunchScreen.storyboard; sourceTree = "<group>"; };
		FB05B9F31FE9CC7E00918E86 /* Info.plist */ = {isa = PBXFileReference; lastKnownFileType = text.plist.xml; path = Info.plist; sourceTree = "<group>"; };
		FB3A5B791FF1931A00F42F6A /* CategoryViewController.swift */ = {isa = PBXFileReference; lastKnownFileType = sourcecode.swift; path = CategoryViewController.swift; sourceTree = "<group>"; };
		FB5C3B421FF3188F0068E48B /* Item.swift */ = {isa = PBXFileReference; lastKnownFileType = sourcecode.swift; path = Item.swift; sourceTree = "<group>"; };
		FB5C3B441FF3189A0068E48B /* Category.swift */ = {isa = PBXFileReference; lastKnownFileType = sourcecode.swift; path = Category.swift; sourceTree = "<group>"; };
/* End PBXFileReference section */

/* Begin PBXFrameworksBuildPhase section */
		FB05B9E11FE9CC7E00918E86 /* Frameworks */ = {
			isa = PBXFrameworksBuildPhase;
			buildActionMask = 2147483647;
			files = (
				49E0143D567741CCAAD8D05F /* Pods_SafetyStandards.framework in Frameworks */,
			);
			runOnlyForDeploymentPostprocessing = 0;
		};
/* End PBXFrameworksBuildPhase section */

/* Begin PBXGroup section */
		6BC7A476DF34382C14415FDD /* Frameworks */ = {
			isa = PBXGroup;
			children = (
				3642F1F4F393E6F11733A7C2 /* Pods_SafetyStandards.framework */,
			);
			name = Frameworks;
			sourceTree = "<group>";
		};
		C60F508DF203F0C84B2B7443 /* Pods */ = {
			isa = PBXGroup;
			children = (
				6C8695728868CE8A7C9CA331 /* Pods-SafetyStandards.debug.xcconfig */,
				06E0DDE7862C9A7D1BFDE718 /* Pods-SafetyStandards.release.xcconfig */,
			);
			name = Pods;
			sourceTree = "<group>";
		};
		FB05B9DB1FE9CC7E00918E86 = {
			isa = PBXGroup;
			children = (
				FB05B9E61FE9CC7E00918E86 /* SafetyStandards */,
				FB05B9E51FE9CC7E00918E86 /* Products */,
				C60F508DF203F0C84B2B7443 /* Pods */,
				6BC7A476DF34382C14415FDD /* Frameworks */,
			);
			sourceTree = "<group>";
		};
		FB05B9E51FE9CC7E00918E86 /* Products */ = {
			isa = PBXGroup;
			children = (
				FB05B9E41FE9CC7E00918E86 /* SafetyStandards.app */,
			);
			name = Products;
			sourceTree = "<group>";
		};
		FB05B9E61FE9CC7E00918E86 /* SafetyStandards */ = {
			isa = PBXGroup;
			children = (
				FB05B9E71FE9CC7E00918E86 /* AppDelegate.swift */,
				FB7F72461FEE013400BB69C9 /* Controllers */,
				FB7F72451FEE011900BB69C9 /* Data Model */,
				FB7F72471FEE014A00BB69C9 /* Views */,
				FB7F72481FEE015300BB69C9 /* Supporting Files */,
				FB05B9F31FE9CC7E00918E86 /* Info.plist */,
			);
			path = SafetyStandards;
			sourceTree = "<group>";
		};
		FB7F72451FEE011900BB69C9 /* Data Model */ = {
			isa = PBXGroup;
			children = (
				FB5C3B441FF3189A0068E48B /* Category.swift */,
				FB5C3B421FF3188F0068E48B /* Item.swift */,
			);
			path = "Data Model";
			sourceTree = "<group>";
		};
		FB7F72461FEE013400BB69C9 /* Controllers */ = {
			isa = PBXGroup;
			children = (
				FB3A5B791FF1931A00F42F6A /* CategoryViewController.swift */,
				FB05B9E91FE9CC7E00918E86 /* TodoListViewController.swift */,
			);
			path = Controllers;
			sourceTree = "<group>";
		};
		FB7F72471FEE014A00BB69C9 /* Views */ = {
			isa = PBXGroup;
			children = (
				FB05B9EB1FE9CC7E00918E86 /* Main.storyboard */,
			);
			path = Views;
			sourceTree = "<group>";
		};
		FB7F72481FEE015300BB69C9 /* Supporting Files */ = {
			isa = PBXGroup;
			children = (
				FB05B9EE1FE9CC7E00918E86 /* Assets.xcassets */,
				FB05B9F01FE9CC7E00918E86 /* LaunchScreen.storyboard */,
			);
			path = "Supporting Files";
			sourceTree = "<group>";
		};
/* End PBXGroup section */

/* Begin PBXNativeTarget section */
		FB05B9E31FE9CC7E00918E86 /* SafetyStandards */ = {
			isa = PBXNativeTarget;
			buildConfigurationList = FB05B9F61FE9CC7E00918E86 /* Build configuration list for PBXNativeTarget "SafetyStandards" */;
			buildPhases = (
				A9B764BF3CA6DDE4FDD8814C /* [CP] Check Pods Manifest.lock */,
				FB05B9E01FE9CC7E00918E86 /* Sources */,
				FB05B9E11FE9CC7E00918E86 /* Frameworks */,
				FB05B9E21FE9CC7E00918E86 /* Resources */,
				C7D2ACF0675243A62AF2EBAC /* [CP] Embed Pods Frameworks */,
				B4748914F342717599819F63 /* [CP] Copy Pods Resources */,
			);
			buildRules = (
			);
			dependencies = (
			);
			name = SafetyStandards;
			productName = SafetyStandards;
			productReference = FB05B9E41FE9CC7E00918E86 /* SafetyStandards.app */;
			productType = "com.apple.product-type.application";
		};
/* End PBXNativeTarget section */

/* Begin PBXProject section */
		FB05B9DC1FE9CC7E00918E86 /* Project object */ = {
			isa = PBXProject;
			attributes = {
				LastSwiftUpdateCheck = 0910;
				LastUpgradeCheck = 0910;
				ORGANIZATIONNAME = "Daryl Jacob";
				TargetAttributes = {
					FB05B9E31FE9CC7E00918E86 = {
						CreatedOnToolsVersion = 9.1;
						ProvisioningStyle = Automatic;
					};
				};
			};
			buildConfigurationList = FB05B9DF1FE9CC7E00918E86 /* Build configuration list for PBXProject "SafetyStandards" */;
			compatibilityVersion = "Xcode 8.0";
			developmentRegion = en;
			hasScannedForEncodings = 0;
			knownRegions = (
				en,
				Base,
			);
			mainGroup = FB05B9DB1FE9CC7E00918E86;
			productRefGroup = FB05B9E51FE9CC7E00918E86 /* Products */;
			projectDirPath = "";
			projectRoot = "";
			targets = (
				FB05B9E31FE9CC7E00918E86 /* SafetyStandards */,
			);
		};
/* End PBXProject section */

/* Begin PBXResourcesBuildPhase section */
		FB05B9E21FE9CC7E00918E86 /* Resources */ = {
			isa = PBXResourcesBuildPhase;
			buildActionMask = 2147483647;
			files = (
				FB05B9F21FE9CC7E00918E86 /* LaunchScreen.storyboard in Resources */,
				FB05B9EF1FE9CC7E00918E86 /* Assets.xcassets in Resources */,
				FB05B9ED1FE9CC7E00918E86 /* Main.storyboard in Resources */,
			);
			runOnlyForDeploymentPostprocessing = 0;
		};
/* End PBXResourcesBuildPhase section */

/* Begin PBXShellScriptBuildPhase section */
		A9B764BF3CA6DDE4FDD8814C /* [CP] Check Pods Manifest.lock */ = {
			isa = PBXShellScriptBuildPhase;
			buildActionMask = 2147483647;
			files = (
			);
			inputPaths = (
				"${PODS_PODFILE_DIR_PATH}/Podfile.lock",
				"${PODS_ROOT}/Manifest.lock",
			);
			name = "[CP] Check Pods Manifest.lock";
			outputPaths = (
				"$(DERIVED_FILE_DIR)/Pods-SafetyStandards-checkManifestLockResult.txt",
			);
			runOnlyForDeploymentPostprocessing = 0;
			shellPath = /bin/sh;
			shellScript = "diff \"${PODS_PODFILE_DIR_PATH}/Podfile.lock\" \"${PODS_ROOT}/Manifest.lock\" > /dev/null\nif [ $? != 0 ] ; then\n    # print error to STDERR\n    echo \"error: The sandbox is not in sync with the Podfile.lock. Run 'pod install' or update your CocoaPods installation.\" >&2\n    exit 1\nfi\n# This output is used by Xcode 'outputs' to avoid re-running this script phase.\necho \"SUCCESS\" > \"${SCRIPT_OUTPUT_FILE_0}\"\n";
			showEnvVarsInLog = 0;
		};
		B4748914F342717599819F63 /* [CP] Copy Pods Resources */ = {
			isa = PBXShellScriptBuildPhase;
			buildActionMask = 2147483647;
			files = (
			);
			inputPaths = (
			);
			name = "[CP] Copy Pods Resources";
			outputPaths = (
			);
			runOnlyForDeploymentPostprocessing = 0;
			shellPath = /bin/sh;
			shellScript = "\"${SRCROOT}/Pods/Target Support Files/Pods-SafetyStandards/Pods-SafetyStandards-resources.sh\"\n";
			showEnvVarsInLog = 0;
		};
		C7D2ACF0675243A62AF2EBAC /* [CP] Embed Pods Frameworks */ = {
			isa = PBXShellScriptBuildPhase;
			buildActionMask = 2147483647;
			files = (
			);
			inputPaths = (
				"${SRCROOT}/Pods/Target Support Files/Pods-SafetyStandards/Pods-SafetyStandards-frameworks.sh",
				"${BUILT_PRODUCTS_DIR}/Realm/Realm.framework",
				"${BUILT_PRODUCTS_DIR}/RealmSwift/RealmSwift.framework",
			);
			name = "[CP] Embed Pods Frameworks";
			outputPaths = (
				"${TARGET_BUILD_DIR}/${FRAMEWORKS_FOLDER_PATH}/Realm.framework",
				"${TARGET_BUILD_DIR}/${FRAMEWORKS_FOLDER_PATH}/RealmSwift.framework",
			);
			runOnlyForDeploymentPostprocessing = 0;
			shellPath = /bin/sh;
			shellScript = "\"${SRCROOT}/Pods/Target Support Files/Pods-SafetyStandards/Pods-SafetyStandards-frameworks.sh\"\n";
			showEnvVarsInLog = 0;
		};
/* End PBXShellScriptBuildPhase section */

/* Begin PBXSourcesBuildPhase section */
		FB05B9E01FE9CC7E00918E86 /* Sources */ = {
			isa = PBXSourcesBuildPhase;
			buildActionMask = 2147483647;
			files = (
				FB5C3B431FF3188F0068E48B /* Item.swift in Sources */,
				FB3A5B7A1FF1931A00F42F6A /* CategoryViewController.swift in Sources */,
				FB05B9EA1FE9CC7E00918E86 /* TodoListViewController.swift in Sources */,
				FB05B9E81FE9CC7E00918E86 /* AppDelegate.swift in Sources */,
				FB5C3B451FF3189A0068E48B /* Category.swift in Sources */,
			);
			runOnlyForDeploymentPostprocessing = 0;
		};
/* End PBXSourcesBuildPhase section */

/* Begin PBXVariantGroup section */
		FB05B9EB1FE9CC7E00918E86 /* Main.storyboard */ = {
			isa = PBXVariantGroup;
			children = (
				FB05B9EC1FE9CC7E00918E86 /* Base */,
			);
			name = Main.storyboard;
			sourceTree = "<group>";
		};
		FB05B9F01FE9CC7E00918E86 /* LaunchScreen.storyboard */ = {
			isa = PBXVariantGroup;
			children = (
				FB05B9F11FE9CC7E00918E86 /* Base */,
			);
			name = LaunchScreen.storyboard;
			sourceTree = "<group>";
		};
/* End PBXVariantGroup section */

/* Begin XCBuildConfiguration section */
		FB05B9F41FE9CC7E00918E86 /* Debug */ = {
			isa = XCBuildConfiguration;
			buildSettings = {
				ALWAYS_SEARCH_USER_PATHS = NO;
				CLANG_ANALYZER_NONNULL = YES;
				CLANG_ANALYZER_NUMBER_OBJECT_CONVERSION = YES_AGGRESSIVE;
				CLANG_CXX_LANGUAGE_STANDARD = "gnu++14";
				CLANG_CXX_LIBRARY = "libc++";
				CLANG_ENABLE_MODULES = YES;
				CLANG_ENABLE_OBJC_ARC = YES;
				CLANG_WARN_BLOCK_CAPTURE_AUTORELEASING = YES;
				CLANG_WARN_BOOL_CONVERSION = YES;
				CLANG_WARN_COMMA = YES;
				CLANG_WARN_CONSTANT_CONVERSION = YES;
				CLANG_WARN_DIRECT_OBJC_ISA_USAGE = YES_ERROR;
				CLANG_WARN_DOCUMENTATION_COMMENTS = YES;
				CLANG_WARN_EMPTY_BODY = YES;
				CLANG_WARN_ENUM_CONVERSION = YES;
				CLANG_WARN_INFINITE_RECURSION = YES;
				CLANG_WARN_INT_CONVERSION = YES;
				CLANG_WARN_NON_LITERAL_NULL_CONVERSION = YES;
				CLANG_WARN_OBJC_LITERAL_CONVERSION = YES;
				CLANG_WARN_OBJC_ROOT_CLASS = YES_ERROR;
				CLANG_WARN_RANGE_LOOP_ANALYSIS = YES;
				CLANG_WARN_STRICT_PROTOTYPES = YES;
				CLANG_WARN_SUSPICIOUS_MOVE = YES;
				CLANG_WARN_UNGUARDED_AVAILABILITY = YES_AGGRESSIVE;
				CLANG_WARN_UNREACHABLE_CODE = YES;
				CLANG_WARN__DUPLICATE_METHOD_MATCH = YES;
				CODE_SIGN_IDENTITY = "iPhone Developer";
				COPY_PHASE_STRIP = NO;
				DEBUG_INFORMATION_FORMAT = dwarf;
				ENABLE_STRICT_OBJC_MSGSEND = YES;
				ENABLE_TESTABILITY = YES;
				GCC_C_LANGUAGE_STANDARD = gnu11;
				GCC_DYNAMIC_NO_PIC = NO;
				GCC_NO_COMMON_BLOCKS = YES;
				GCC_OPTIMIZATION_LEVEL = 0;
				GCC_PREPROCESSOR_DEFINITIONS = (
					"DEBUG=1",
					"$(inherited)",
				);
				GCC_WARN_64_TO_32_BIT_CONVERSION = YES;
				GCC_WARN_ABOUT_RETURN_TYPE = YES_ERROR;
				GCC_WARN_UNDECLARED_SELECTOR = YES;
				GCC_WARN_UNINITIALIZED_AUTOS = YES_AGGRESSIVE;
				GCC_WARN_UNUSED_FUNCTION = YES;
				GCC_WARN_UNUSED_VARIABLE = YES;
				IPHONEOS_DEPLOYMENT_TARGET = 11.1;
				MTL_ENABLE_DEBUG_INFO = YES;
				ONLY_ACTIVE_ARCH = YES;
				SDKROOT = iphoneos;
				SWIFT_ACTIVE_COMPILATION_CONDITIONS = DEBUG;
				SWIFT_OPTIMIZATION_LEVEL = "-Onone";
			};
			name = Debug;
		};
		FB05B9F51FE9CC7E00918E86 /* Release */ = {
			isa = XCBuildConfiguration;
			buildSettings = {
				ALWAYS_SEARCH_USER_PATHS = NO;
				CLANG_ANALYZER_NONNULL = YES;
				CLANG_ANALYZER_NUMBER_OBJECT_CONVERSION = YES_AGGRESSIVE;
				CLANG_CXX_LANGUAGE_STANDARD = "gnu++14";
				CLANG_CXX_LIBRARY = "libc++";
				CLANG_ENABLE_MODULES = YES;
				CLANG_ENABLE_OBJC_ARC = YES;
				CLANG_WARN_BLOCK_CAPTURE_AUTORELEASING = YES;
				CLANG_WARN_BOOL_CONVERSION = YES;
				CLANG_WARN_COMMA = YES;
				CLANG_WARN_CONSTANT_CONVERSION = YES;
				CLANG_WARN_DIRECT_OBJC_ISA_USAGE = YES_ERROR;
				CLANG_WARN_DOCUMENTATION_COMMENTS = YES;
				CLANG_WARN_EMPTY_BODY = YES;
				CLANG_WARN_ENUM_CONVERSION = YES;
				CLANG_WARN_INFINITE_RECURSION = YES;
				CLANG_WARN_INT_CONVERSION = YES;
				CLANG_WARN_NON_LITERAL_NULL_CONVERSION = YES;
				CLANG_WARN_OBJC_LITERAL_CONVERSION = YES;
				CLANG_WARN_OBJC_ROOT_CLASS = YES_ERROR;
				CLANG_WARN_RANGE_LOOP_ANALYSIS = YES;
				CLANG_WARN_STRICT_PROTOTYPES = YES;
				CLANG_WARN_SUSPICIOUS_MOVE = YES;
				CLANG_WARN_UNGUARDED_AVAILABILITY = YES_AGGRESSIVE;
				CLANG_WARN_UNREACHABLE_CODE = YES;
				CLANG_WARN__DUPLICATE_METHOD_MATCH = YES;
				CODE_SIGN_IDENTITY = "iPhone Developer";
				COPY_PHASE_STRIP = NO;
				DEBUG_INFORMATION_FORMAT = "dwarf-with-dsym";
				ENABLE_NS_ASSERTIONS = NO;
				ENABLE_STRICT_OBJC_MSGSEND = YES;
				GCC_C_LANGUAGE_STANDARD = gnu11;
				GCC_NO_COMMON_BLOCKS = YES;
				GCC_WARN_64_TO_32_BIT_CONVERSION = YES;
				GCC_WARN_ABOUT_RETURN_TYPE = YES_ERROR;
				GCC_WARN_UNDECLARED_SELECTOR = YES;
				GCC_WARN_UNINITIALIZED_AUTOS = YES_AGGRESSIVE;
				GCC_WARN_UNUSED_FUNCTION = YES;
				GCC_WARN_UNUSED_VARIABLE = YES;
				IPHONEOS_DEPLOYMENT_TARGET = 11.1;
				MTL_ENABLE_DEBUG_INFO = NO;
				SDKROOT = iphoneos;
				SWIFT_OPTIMIZATION_LEVEL = "-Owholemodule";
				VALIDATE_PRODUCT = YES;
			};
			name = Release;
		};
		FB05B9F71FE9CC7E00918E86 /* Debug */ = {
			isa = XCBuildConfiguration;
			baseConfigurationReference = 6C8695728868CE8A7C9CA331 /* Pods-SafetyStandards.debug.xcconfig */;
			buildSettings = {
				ASSETCATALOG_COMPILER_APPICON_NAME = AppIcon;
				CODE_SIGN_STYLE = Automatic;
				DEVELOPMENT_TEAM = 35PJMC5RFP;
				INFOPLIST_FILE = SafetyStandards/Info.plist;
				LD_RUNPATH_SEARCH_PATHS = "$(inherited) @executable_path/Frameworks";
				PRODUCT_BUNDLE_IDENTIFIER = com.MoustacheMotion.SafetyStandards;
				PRODUCT_NAME = "$(TARGET_NAME)";
				SWIFT_VERSION = 4.0;
				TARGETED_DEVICE_FAMILY = "1,2";
			};
			name = Debug;
		};
		FB05B9F81FE9CC7E00918E86 /* Release */ = {
			isa = XCBuildConfiguration;
			baseConfigurationReference = 06E0DDE7862C9A7D1BFDE718 /* Pods-SafetyStandards.release.xcconfig */;
			buildSettings = {
				ASSETCATALOG_COMPILER_APPICON_NAME = AppIcon;
				CODE_SIGN_STYLE = Automatic;
				DEVELOPMENT_TEAM = 35PJMC5RFP;
				INFOPLIST_FILE = SafetyStandards/Info.plist;
				LD_RUNPATH_SEARCH_PATHS = "$(inherited) @executable_path/Frameworks";
				PRODUCT_BUNDLE_IDENTIFIER = com.MoustacheMotion.SafetyStandards;
				PRODUCT_NAME = "$(TARGET_NAME)";
				SWIFT_VERSION = 4.0;
				TARGETED_DEVICE_FAMILY = "1,2";
			};
			name = Release;
		};
/* End XCBuildConfiguration section */

/* Begin XCConfigurationList section */
		FB05B9DF1FE9CC7E00918E86 /* Build configuration list for PBXProject "SafetyStandards" */ = {
			isa = XCConfigurationList;
			buildConfigurations = (
				FB05B9F41FE9CC7E00918E86 /* Debug */,
				FB05B9F51FE9CC7E00918E86 /* Release */,
			);
			defaultConfigurationIsVisible = 0;
			defaultConfigurationName = Release;
		};
		FB05B9F61FE9CC7E00918E86 /* Build configuration list for PBXNativeTarget "SafetyStandards" */ = {
			isa = XCConfigurationList;
			buildConfigurations = (
				FB05B9F71FE9CC7E00918E86 /* Debug */,
				FB05B9F81FE9CC7E00918E86 /* Release */,
			);
			defaultConfigurationIsVisible = 0;
			defaultConfigurationName = Release;
		};
/* End XCConfigurationList section */
	};
	rootObject = FB05B9DC1FE9CC7E00918E86 /* Project object */;
}
